
Microsoft Visual Studio Solution File, Format Version 12.00
# Visual Studio Version 16
VisualStudioVersion = 16.0.31702.278
MinimumVisualStudioVersion = 10.0.40219.1
Project("{8BC9CEB8-8B4A-11D0-8D11-00A0C91BC942}") = "ChessECS", "ChessECS\ChessECS.vcxproj", "{57F80126-9322-478E-9114-5F7F176AEB5F}"
EndProject
Global
	GlobalSection(SolutionConfigurationPlatforms) = preSolution
		Debug|x64 = Debug|x64
		Debug|x86 = Debug|x86
		Release|x64 = Release|x64
		Release|x86 = Release|x86
	EndGlobalSection
	GlobalSection(ProjectConfigurationPlatforms) = postSolution
		{57F80126-9322-478E-9114-5F7F176AEB5F}.Debug|x64.ActiveCfg = Debug|x64
		{57F80126-9322-478E-9114-5F7F176AEB5F}.Debug|x64.Build.0 = Debug|x64
		{57F80126-9322-478E-9114-5F7F176AEB5F}.Debug|x86.ActiveCfg = Debug|Win32
		{57F80126-9322-478E-9114-5F7F176AEB5F}.Debug|x86.Build.0 = Debug|Win32
		{57F80126-9322-478E-9114-5F7F176AEB5F}.Release|x64.ActiveCfg = Release|x64
		{57F80126-9322-478E-9114-5F7F176AEB5F}.Release|x64.Build.0 = Release|x64
		{57F80126-9322-478E-9114-5F7F176AEB5F}.Release|x86.ActiveCfg = Release|Win32
		{57F80126-9322-478E-9114-5F7F176AEB5F}.Release|x86.Build.0 = Release|Win32
	EndGlobalSection
	GlobalSection(SolutionProperties) = preSolution
		HideSolutionNode = FALSE
	EndGlobalSection
	GlobalSection(ExtensibilityGlobals) = postSolution
		SolutionGuid = {68B72A5B-E3A9-4CA0-9F5C-DA7DF77FD268}
	EndGlobalSection
EndGlobal
